// !$*UTF8*$!
{
	archiveVersion = 1;
	classes = {
	};
	objectVersion = 51;
	objects = {

/* Begin PBXBuildFile section */
		2AD598012DB5704516690EA7 /* Pods_FinancialCalc_FinancialCalcUITests.framework in Frameworks */ = {isa = PBXBuildFile; fileRef = CBD092951D287054DC6E4AA2 /* Pods_FinancialCalc_FinancialCalcUITests.framework */; };
		6757FDC1B255B7E75BD80186 /* Pods_FinancialCalcTests.framework in Frameworks */ = {isa = PBXBuildFile; fileRef = D6953C045D5BA33376B030DE /* Pods_FinancialCalcTests.framework */; };
		69188CDF257A94020008F976 /* TabBarViewController.swift in Sources */ = {isa = PBXBuildFile; fileRef = 69188CDE257A94020008F976 /* TabBarViewController.swift */; };
		69589A592578F91F00FCE575 /* AppConstants.swift in Sources */ = {isa = PBXBuildFile; fileRef = 69589A582578F91F00FCE575 /* AppConstants.swift */; };
		69589A612578FD6100FCE575 /* Roboto-Regular.ttf in Resources */ = {isa = PBXBuildFile; fileRef = 69589A5E2578FD6100FCE575 /* Roboto-Regular.ttf */; };
		69589A622578FD6100FCE575 /* Roboto-Medium.ttf in Resources */ = {isa = PBXBuildFile; fileRef = 69589A5F2578FD6100FCE575 /* Roboto-Medium.ttf */; };
		69589A632578FD6100FCE575 /* Roboto-Bold.ttf in Resources */ = {isa = PBXBuildFile; fileRef = 69589A602578FD6100FCE575 /* Roboto-Bold.ttf */; };
		69589A662578FDB100FCE575 /* FinCalcFonts.swift in Sources */ = {isa = PBXBuildFile; fileRef = 69589A652578FDB100FCE575 /* FinCalcFonts.swift */; };
		69589A682578FDE000FCE575 /* FinCalcTypoStyle.swift in Sources */ = {isa = PBXBuildFile; fileRef = 69589A672578FDE000FCE575 /* FinCalcTypoStyle.swift */; };
		69589A73257903BB00FCE575 /* Fonts.swift in Sources */ = {isa = PBXBuildFile; fileRef = 69589A6F257903BB00FCE575 /* Fonts.swift */; };
		69589A74257903BB00FCE575 /* Strings.swift in Sources */ = {isa = PBXBuildFile; fileRef = 69589A70257903BB00FCE575 /* Strings.swift */; };
		69589A75257903BB00FCE575 /* Assets.swift in Sources */ = {isa = PBXBuildFile; fileRef = 69589A71257903BB00FCE575 /* Assets.swift */; };
		69589A76257903BB00FCE575 /* Colors.swift in Sources */ = {isa = PBXBuildFile; fileRef = 69589A72257903BB00FCE575 /* Colors.swift */; };
		69589A78257904FB00FCE575 /* FinCalcTextField.swift in Sources */ = {isa = PBXBuildFile; fileRef = 69589A77257904FB00FCE575 /* FinCalcTextField.swift */; };
		69589A7A2579066F00FCE575 /* FinCalcLabel.swift in Sources */ = {isa = PBXBuildFile; fileRef = 69589A792579066F00FCE575 /* FinCalcLabel.swift */; };
		69589A7C257906BA00FCE575 /* FinCalcStringAttributes.swift in Sources */ = {isa = PBXBuildFile; fileRef = 69589A7B257906BA00FCE575 /* FinCalcStringAttributes.swift */; };
		69589A7E2579087300FCE575 /* UIFontExtension.swift in Sources */ = {isa = PBXBuildFile; fileRef = 69589A7D2579087300FCE575 /* UIFontExtension.swift */; };
		69589A8725790BCC00FCE575 /* PrimaryButton.swift in Sources */ = {isa = PBXBuildFile; fileRef = 69589A8625790BCC00FCE575 /* PrimaryButton.swift */; };
		69589A8B25790C8F00FCE575 /* UIDevice.swift in Sources */ = {isa = PBXBuildFile; fileRef = 69589A8A25790C8F00FCE575 /* UIDevice.swift */; };
		69589A8D2579219900FCE575 /* UIViewExtension.swift in Sources */ = {isa = PBXBuildFile; fileRef = 69589A8C2579219900FCE575 /* UIViewExtension.swift */; };
		69589A8F2579255E00FCE575 /* PrimaryButton.xib in Resources */ = {isa = PBXBuildFile; fileRef = 69589A8E2579255E00FCE575 /* PrimaryButton.xib */; };
		69589A9125792C7900FCE575 /* CustomViewController.swift in Sources */ = {isa = PBXBuildFile; fileRef = 69589A9025792C7900FCE575 /* CustomViewController.swift */; };
		69589A9325792F5E00FCE575 /* Colors.txt in Resources */ = {isa = PBXBuildFile; fileRef = 69589A9225792F5E00FCE575 /* Colors.txt */; };
		69589A9525793E3500FCE575 /* HomeViewController.swift in Sources */ = {isa = PBXBuildFile; fileRef = 69589A9425793E3500FCE575 /* HomeViewController.swift */; };
		69589A972579401100FCE575 /* HomeCollectionViewCell.swift in Sources */ = {isa = PBXBuildFile; fileRef = 69589A962579401100FCE575 /* HomeCollectionViewCell.swift */; };
		697B134825747D530031E7DB /* AppDelegate.swift in Sources */ = {isa = PBXBuildFile; fileRef = 697B134725747D530031E7DB /* AppDelegate.swift */; };
		697B134A25747D530031E7DB /* SceneDelegate.swift in Sources */ = {isa = PBXBuildFile; fileRef = 697B134925747D530031E7DB /* SceneDelegate.swift */; };
		697B134C25747D530031E7DB /* ViewController.swift in Sources */ = {isa = PBXBuildFile; fileRef = 697B134B25747D530031E7DB /* ViewController.swift */; };
		697B134F25747D530031E7DB /* Main.storyboard in Resources */ = {isa = PBXBuildFile; fileRef = 697B134D25747D530031E7DB /* Main.storyboard */; };
		697B135225747D530031E7DB /* FinancialCalc.xcdatamodeld in Sources */ = {isa = PBXBuildFile; fileRef = 697B135025747D530031E7DB /* FinancialCalc.xcdatamodeld */; };
		697B135425747D590031E7DB /* Assets.xcassets in Resources */ = {isa = PBXBuildFile; fileRef = 697B135325747D590031E7DB /* Assets.xcassets */; };
		697B135725747D590031E7DB /* LaunchScreen.storyboard in Resources */ = {isa = PBXBuildFile; fileRef = 697B135525747D590031E7DB /* LaunchScreen.storyboard */; };
		697B136225747D590031E7DB /* FinancialCalcTests.swift in Sources */ = {isa = PBXBuildFile; fileRef = 697B136125747D590031E7DB /* FinancialCalcTests.swift */; };
		697B136D25747D590031E7DB /* FinancialCalcUITests.swift in Sources */ = {isa = PBXBuildFile; fileRef = 697B136C25747D590031E7DB /* FinancialCalcUITests.swift */; };
		697B137F25752C860031E7DB /* BebasNeue-Bold.ttf in Resources */ = {isa = PBXBuildFile; fileRef = 697B137C25752C860031E7DB /* BebasNeue-Bold.ttf */; };
		697B138025752C860031E7DB /* BebasNeue-Regular.ttf in Resources */ = {isa = PBXBuildFile; fileRef = 697B137D25752C860031E7DB /* BebasNeue-Regular.ttf */; };
		697B138125752C860031E7DB /* BebasNeue-Book.ttf in Resources */ = {isa = PBXBuildFile; fileRef = 697B137E25752C860031E7DB /* BebasNeue-Book.ttf */; };
		697B138525752CF90031E7DB /* Localizable.strings in Resources */ = {isa = PBXBuildFile; fileRef = 697B138425752CF90031E7DB /* Localizable.strings */; };
		69BAD137257AAF6F00C90649 /* InvestmentViewController.swift in Sources */ = {isa = PBXBuildFile; fileRef = 69BAD136257AAF6F00C90649 /* InvestmentViewController.swift */; };
		69DC21ED257C18D5004564E7 /* CompoundSavingsViewController.swift in Sources */ = {isa = PBXBuildFile; fileRef = 69DC21EC257C18D5004564E7 /* CompoundSavingsViewController.swift */; };
		69DC21EF257C1900004564E7 /* LoanViewController.swift in Sources */ = {isa = PBXBuildFile; fileRef = 69DC21EE257C1900004564E7 /* LoanViewController.swift */; };
		69DC21F8257C37E4004564E7 /* PaymentDetailsViewController.swift in Sources */ = {isa = PBXBuildFile; fileRef = 69DC21F7257C37E4004564E7 /* PaymentDetailsViewController.swift */; };
		69FAFB98257B7F1E00864E00 /* DoubleExtension.swift in Sources */ = {isa = PBXBuildFile; fileRef = 69FAFB97257B7F1E00864E00 /* DoubleExtension.swift */; };
		69FAFB9A257BFD6A00864E00 /* MortgageViewController.swift in Sources */ = {isa = PBXBuildFile; fileRef = 69FAFB99257BFD6A00864E00 /* MortgageViewController.swift */; };
		6A9437F2621C9C7BF0F8AB41 /* Pods_FinancialCalc.framework in Frameworks */ = {isa = PBXBuildFile; fileRef = DD42B85F1819BBC305FA7342 /* Pods_FinancialCalc.framework */; };
/* End PBXBuildFile section */

/* Begin PBXContainerItemProxy section */
		697B135E25747D590031E7DB /* PBXContainerItemProxy */ = {
			isa = PBXContainerItemProxy;
			containerPortal = 697B133C25747D520031E7DB /* Project object */;
			proxyType = 1;
			remoteGlobalIDString = 697B134325747D530031E7DB;
			remoteInfo = FinancialCalc;
		};
		697B136925747D590031E7DB /* PBXContainerItemProxy */ = {
			isa = PBXContainerItemProxy;
			containerPortal = 697B133C25747D520031E7DB /* Project object */;
			proxyType = 1;
			remoteGlobalIDString = 697B134325747D530031E7DB;
			remoteInfo = FinancialCalc;
		};
/* End PBXContainerItemProxy section */

/* Begin PBXFileReference section */
		0E4AF63F84738270E7EF2201 /* Pods-FinancialCalc-FinancialCalcUITests.release.xcconfig */ = {isa = PBXFileReference; includeInIndex = 1; lastKnownFileType = text.xcconfig; name = "Pods-FinancialCalc-FinancialCalcUITests.release.xcconfig"; path = "Target Support Files/Pods-FinancialCalc-FinancialCalcUITests/Pods-FinancialCalc-FinancialCalcUITests.release.xcconfig"; sourceTree = "<group>"; };
		54091BEBED85C6B5334BD972 /* Pods-FinancialCalc-FinancialCalcUITests.debug.xcconfig */ = {isa = PBXFileReference; includeInIndex = 1; lastKnownFileType = text.xcconfig; name = "Pods-FinancialCalc-FinancialCalcUITests.debug.xcconfig"; path = "Target Support Files/Pods-FinancialCalc-FinancialCalcUITests/Pods-FinancialCalc-FinancialCalcUITests.debug.xcconfig"; sourceTree = "<group>"; };
		69188CDE257A94020008F976 /* TabBarViewController.swift */ = {isa = PBXFileReference; lastKnownFileType = sourcecode.swift; path = TabBarViewController.swift; sourceTree = "<group>"; };
		69589A582578F91F00FCE575 /* AppConstants.swift */ = {isa = PBXFileReference; lastKnownFileType = sourcecode.swift; path = AppConstants.swift; sourceTree = "<group>"; };
		69589A5E2578FD6100FCE575 /* Roboto-Regular.ttf */ = {isa = PBXFileReference; lastKnownFileType = file; path = "Roboto-Regular.ttf"; sourceTree = "<group>"; };
		69589A5F2578FD6100FCE575 /* Roboto-Medium.ttf */ = {isa = PBXFileReference; lastKnownFileType = file; path = "Roboto-Medium.ttf"; sourceTree = "<group>"; };
		69589A602578FD6100FCE575 /* Roboto-Bold.ttf */ = {isa = PBXFileReference; lastKnownFileType = file; path = "Roboto-Bold.ttf"; sourceTree = "<group>"; };
		69589A652578FDB100FCE575 /* FinCalcFonts.swift */ = {isa = PBXFileReference; lastKnownFileType = sourcecode.swift; path = FinCalcFonts.swift; sourceTree = "<group>"; };
		69589A672578FDE000FCE575 /* FinCalcTypoStyle.swift */ = {isa = PBXFileReference; lastKnownFileType = sourcecode.swift; path = FinCalcTypoStyle.swift; sourceTree = "<group>"; };
		69589A6F257903BB00FCE575 /* Fonts.swift */ = {isa = PBXFileReference; fileEncoding = 4; lastKnownFileType = sourcecode.swift; path = Fonts.swift; sourceTree = "<group>"; };
		69589A70257903BB00FCE575 /* Strings.swift */ = {isa = PBXFileReference; fileEncoding = 4; lastKnownFileType = sourcecode.swift; path = Strings.swift; sourceTree = "<group>"; };
		69589A71257903BB00FCE575 /* Assets.swift */ = {isa = PBXFileReference; fileEncoding = 4; lastKnownFileType = sourcecode.swift; path = Assets.swift; sourceTree = "<group>"; };
		69589A72257903BB00FCE575 /* Colors.swift */ = {isa = PBXFileReference; fileEncoding = 4; lastKnownFileType = sourcecode.swift; path = Colors.swift; sourceTree = "<group>"; };
		69589A77257904FB00FCE575 /* FinCalcTextField.swift */ = {isa = PBXFileReference; lastKnownFileType = sourcecode.swift; path = FinCalcTextField.swift; sourceTree = "<group>"; };
		69589A792579066F00FCE575 /* FinCalcLabel.swift */ = {isa = PBXFileReference; lastKnownFileType = sourcecode.swift; path = FinCalcLabel.swift; sourceTree = "<group>"; };
		69589A7B257906BA00FCE575 /* FinCalcStringAttributes.swift */ = {isa = PBXFileReference; lastKnownFileType = sourcecode.swift; path = FinCalcStringAttributes.swift; sourceTree = "<group>"; };
		69589A7D2579087300FCE575 /* UIFontExtension.swift */ = {isa = PBXFileReference; lastKnownFileType = sourcecode.swift; path = UIFontExtension.swift; sourceTree = "<group>"; };
		69589A8625790BCC00FCE575 /* PrimaryButton.swift */ = {isa = PBXFileReference; lastKnownFileType = sourcecode.swift; path = PrimaryButton.swift; sourceTree = "<group>"; };
		69589A8A25790C8F00FCE575 /* UIDevice.swift */ = {isa = PBXFileReference; lastKnownFileType = sourcecode.swift; path = UIDevice.swift; sourceTree = "<group>"; };
		69589A8C2579219900FCE575 /* UIViewExtension.swift */ = {isa = PBXFileReference; lastKnownFileType = sourcecode.swift; path = UIViewExtension.swift; sourceTree = "<group>"; };
		69589A8E2579255E00FCE575 /* PrimaryButton.xib */ = {isa = PBXFileReference; fileEncoding = 4; lastKnownFileType = file.xib; path = PrimaryButton.xib; sourceTree = "<group>"; };
		69589A9025792C7900FCE575 /* CustomViewController.swift */ = {isa = PBXFileReference; lastKnownFileType = sourcecode.swift; path = CustomViewController.swift; sourceTree = "<group>"; };
		69589A9225792F5E00FCE575 /* Colors.txt */ = {isa = PBXFileReference; fileEncoding = 4; lastKnownFileType = text; path = Colors.txt; sourceTree = "<group>"; };
		69589A9425793E3500FCE575 /* HomeViewController.swift */ = {isa = PBXFileReference; lastKnownFileType = sourcecode.swift; path = HomeViewController.swift; sourceTree = "<group>"; };
		69589A962579401100FCE575 /* HomeCollectionViewCell.swift */ = {isa = PBXFileReference; lastKnownFileType = sourcecode.swift; path = HomeCollectionViewCell.swift; sourceTree = "<group>"; };
		697B134425747D530031E7DB /* FinancialCalc.app */ = {isa = PBXFileReference; explicitFileType = wrapper.application; includeInIndex = 0; path = FinancialCalc.app; sourceTree = BUILT_PRODUCTS_DIR; };
		697B134725747D530031E7DB /* AppDelegate.swift */ = {isa = PBXFileReference; lastKnownFileType = sourcecode.swift; path = AppDelegate.swift; sourceTree = "<group>"; };
		697B134925747D530031E7DB /* SceneDelegate.swift */ = {isa = PBXFileReference; lastKnownFileType = sourcecode.swift; path = SceneDelegate.swift; sourceTree = "<group>"; };
		697B134B25747D530031E7DB /* ViewController.swift */ = {isa = PBXFileReference; lastKnownFileType = sourcecode.swift; path = ViewController.swift; sourceTree = "<group>"; };
		697B134E25747D530031E7DB /* Base */ = {isa = PBXFileReference; lastKnownFileType = file.storyboard; name = Base; path = Base.lproj/Main.storyboard; sourceTree = "<group>"; };
		697B135125747D530031E7DB /* FinancialCalc.xcdatamodel */ = {isa = PBXFileReference; lastKnownFileType = wrapper.xcdatamodel; path = FinancialCalc.xcdatamodel; sourceTree = "<group>"; };
		697B135325747D590031E7DB /* Assets.xcassets */ = {isa = PBXFileReference; lastKnownFileType = folder.assetcatalog; path = Assets.xcassets; sourceTree = "<group>"; };
		697B135625747D590031E7DB /* Base */ = {isa = PBXFileReference; lastKnownFileType = file.storyboard; name = Base; path = Base.lproj/LaunchScreen.storyboard; sourceTree = "<group>"; };
		697B135825747D590031E7DB /* Info.plist */ = {isa = PBXFileReference; lastKnownFileType = text.plist.xml; path = Info.plist; sourceTree = "<group>"; };
		697B135D25747D590031E7DB /* FinancialCalcTests.xctest */ = {isa = PBXFileReference; explicitFileType = wrapper.cfbundle; includeInIndex = 0; path = FinancialCalcTests.xctest; sourceTree = BUILT_PRODUCTS_DIR; };
		697B136125747D590031E7DB /* FinancialCalcTests.swift */ = {isa = PBXFileReference; lastKnownFileType = sourcecode.swift; path = FinancialCalcTests.swift; sourceTree = "<group>"; };
		697B136325747D590031E7DB /* Info.plist */ = {isa = PBXFileReference; lastKnownFileType = text.plist.xml; path = Info.plist; sourceTree = "<group>"; };
		697B136825747D590031E7DB /* FinancialCalcUITests.xctest */ = {isa = PBXFileReference; explicitFileType = wrapper.cfbundle; includeInIndex = 0; path = FinancialCalcUITests.xctest; sourceTree = BUILT_PRODUCTS_DIR; };
		697B136C25747D590031E7DB /* FinancialCalcUITests.swift */ = {isa = PBXFileReference; lastKnownFileType = sourcecode.swift; path = FinancialCalcUITests.swift; sourceTree = "<group>"; };
		697B136E25747D590031E7DB /* Info.plist */ = {isa = PBXFileReference; lastKnownFileType = text.plist.xml; path = Info.plist; sourceTree = "<group>"; };
		697B137C25752C860031E7DB /* BebasNeue-Bold.ttf */ = {isa = PBXFileReference; lastKnownFileType = file; path = "BebasNeue-Bold.ttf"; sourceTree = "<group>"; };
		697B137D25752C860031E7DB /* BebasNeue-Regular.ttf */ = {isa = PBXFileReference; lastKnownFileType = file; path = "BebasNeue-Regular.ttf"; sourceTree = "<group>"; };
		697B137E25752C860031E7DB /* BebasNeue-Book.ttf */ = {isa = PBXFileReference; lastKnownFileType = file; path = "BebasNeue-Book.ttf"; sourceTree = "<group>"; };
		697B138425752CF90031E7DB /* Localizable.strings */ = {isa = PBXFileReference; lastKnownFileType = text.plist.strings; path = Localizable.strings; sourceTree = "<group>"; };
		69BAD136257AAF6F00C90649 /* InvestmentViewController.swift */ = {isa = PBXFileReference; lastKnownFileType = sourcecode.swift; path = InvestmentViewController.swift; sourceTree = "<group>"; };
		69DC21EC257C18D5004564E7 /* CompoundSavingsViewController.swift */ = {isa = PBXFileReference; lastKnownFileType = sourcecode.swift; path = CompoundSavingsViewController.swift; sourceTree = "<group>"; };
		69DC21EE257C1900004564E7 /* LoanViewController.swift */ = {isa = PBXFileReference; lastKnownFileType = sourcecode.swift; path = LoanViewController.swift; sourceTree = "<group>"; };
		69DC21F7257C37E4004564E7 /* PaymentDetailsViewController.swift */ = {isa = PBXFileReference; lastKnownFileType = sourcecode.swift; path = PaymentDetailsViewController.swift; sourceTree = "<group>"; };
		69FAFB97257B7F1E00864E00 /* DoubleExtension.swift */ = {isa = PBXFileReference; lastKnownFileType = sourcecode.swift; path = DoubleExtension.swift; sourceTree = "<group>"; };
		69FAFB99257BFD6A00864E00 /* MortgageViewController.swift */ = {isa = PBXFileReference; lastKnownFileType = sourcecode.swift; path = MortgageViewController.swift; sourceTree = "<group>"; };
		82A88902F187D9D1314D0CED /* Pods-FinancialCalcTests.release.xcconfig */ = {isa = PBXFileReference; includeInIndex = 1; lastKnownFileType = text.xcconfig; name = "Pods-FinancialCalcTests.release.xcconfig"; path = "Target Support Files/Pods-FinancialCalcTests/Pods-FinancialCalcTests.release.xcconfig"; sourceTree = "<group>"; };
		A71DC768BE8B25E0A7675CBE /* Pods-FinancialCalcTests.debug.xcconfig */ = {isa = PBXFileReference; includeInIndex = 1; lastKnownFileType = text.xcconfig; name = "Pods-FinancialCalcTests.debug.xcconfig"; path = "Target Support Files/Pods-FinancialCalcTests/Pods-FinancialCalcTests.debug.xcconfig"; sourceTree = "<group>"; };
		C504F9A78A9D1B346B445696 /* Pods-FinancialCalc.release.xcconfig */ = {isa = PBXFileReference; includeInIndex = 1; lastKnownFileType = text.xcconfig; name = "Pods-FinancialCalc.release.xcconfig"; path = "Target Support Files/Pods-FinancialCalc/Pods-FinancialCalc.release.xcconfig"; sourceTree = "<group>"; };
		CBD092951D287054DC6E4AA2 /* Pods_FinancialCalc_FinancialCalcUITests.framework */ = {isa = PBXFileReference; explicitFileType = wrapper.framework; includeInIndex = 0; path = Pods_FinancialCalc_FinancialCalcUITests.framework; sourceTree = BUILT_PRODUCTS_DIR; };
		D6953C045D5BA33376B030DE /* Pods_FinancialCalcTests.framework */ = {isa = PBXFileReference; explicitFileType = wrapper.framework; includeInIndex = 0; path = Pods_FinancialCalcTests.framework; sourceTree = BUILT_PRODUCTS_DIR; };
		DD42B85F1819BBC305FA7342 /* Pods_FinancialCalc.framework */ = {isa = PBXFileReference; explicitFileType = wrapper.framework; includeInIndex = 0; path = Pods_FinancialCalc.framework; sourceTree = BUILT_PRODUCTS_DIR; };
		DD5D6770944BCF679C1AD2E5 /* Pods-FinancialCalc.debug.xcconfig */ = {isa = PBXFileReference; includeInIndex = 1; lastKnownFileType = text.xcconfig; name = "Pods-FinancialCalc.debug.xcconfig"; path = "Target Support Files/Pods-FinancialCalc/Pods-FinancialCalc.debug.xcconfig"; sourceTree = "<group>"; };
/* End PBXFileReference section */

/* Begin PBXFrameworksBuildPhase section */
		697B134125747D530031E7DB /* Frameworks */ = {
			isa = PBXFrameworksBuildPhase;
			buildActionMask = 2147483647;
			files = (
				6A9437F2621C9C7BF0F8AB41 /* Pods_FinancialCalc.framework in Frameworks */,
			);
			runOnlyForDeploymentPostprocessing = 0;
		};
		697B135A25747D590031E7DB /* Frameworks */ = {
			isa = PBXFrameworksBuildPhase;
			buildActionMask = 2147483647;
			files = (
				6757FDC1B255B7E75BD80186 /* Pods_FinancialCalcTests.framework in Frameworks */,
			);
			runOnlyForDeploymentPostprocessing = 0;
		};
		697B136525747D590031E7DB /* Frameworks */ = {
			isa = PBXFrameworksBuildPhase;
			buildActionMask = 2147483647;
			files = (
				2AD598012DB5704516690EA7 /* Pods_FinancialCalc_FinancialCalcUITests.framework in Frameworks */,
			);
			runOnlyForDeploymentPostprocessing = 0;
		};
/* End PBXFrameworksBuildPhase section */

/* Begin PBXGroup section */
		09DBE947C3D0D0B227EF67BD /* Frameworks */ = {
			isa = PBXGroup;
			children = (
				DD42B85F1819BBC305FA7342 /* Pods_FinancialCalc.framework */,
				CBD092951D287054DC6E4AA2 /* Pods_FinancialCalc_FinancialCalcUITests.framework */,
				D6953C045D5BA33376B030DE /* Pods_FinancialCalcTests.framework */,
			);
			name = Frameworks;
			sourceTree = "<group>";
		};
		69589A572578F8D900FCE575 /* App */ = {
			isa = PBXGroup;
			children = (
				697B134725747D530031E7DB /* AppDelegate.swift */,
				697B134925747D530031E7DB /* SceneDelegate.swift */,
				69589A582578F91F00FCE575 /* AppConstants.swift */,
			);
			path = App;
			sourceTree = "<group>";
		};
		69589A5A2578F9CD00FCE575 /* UI */ = {
			isa = PBXGroup;
			children = (
				69589A692578FFD800FCE575 /* Widgets */,
				69589A642578FD9200FCE575 /* Typography */,
			);
			path = UI;
			sourceTree = "<group>";
		};
		69589A5B2578F9F300FCE575 /* Extensions */ = {
			isa = PBXGroup;
			children = (
				69589A7D2579087300FCE575 /* UIFontExtension.swift */,
				69589A8A25790C8F00FCE575 /* UIDevice.swift */,
				69589A8C2579219900FCE575 /* UIViewExtension.swift */,
				69FAFB97257B7F1E00864E00 /* DoubleExtension.swift */,
			);
			path = Extensions;
			sourceTree = "<group>";
		};
		69589A5C2578FA1000FCE575 /* Scenes */ = {
			isa = PBXGroup;
			children = (
				69DC21F6257C37C7004564E7 /* PaymentDetails */,
				69DC21F5257C1C15004564E7 /* Landing */,
				69DC21F4257C1C05004564E7 /* Home */,
				69DC21F3257C1BE9004564E7 /* Loan */,
				69DC21F2257C1BDE004564E7 /* Mortgage */,
				69DC21F1257C1BC3004564E7 /* Savings */,
				69DC21F0257C1BB2004564E7 /* Investment */,
				697B134D25747D530031E7DB /* Main.storyboard */,
			);
			path = Scenes;
			sourceTree = "<group>";
		};
		69589A5D2578FA2200FCE575 /* Utils */ = {
			isa = PBXGroup;
			children = (
			);
			path = Utils;
			sourceTree = "<group>";
		};
		69589A642578FD9200FCE575 /* Typography */ = {
			isa = PBXGroup;
			children = (
				69589A652578FDB100FCE575 /* FinCalcFonts.swift */,
				69589A672578FDE000FCE575 /* FinCalcTypoStyle.swift */,
				69589A7B257906BA00FCE575 /* FinCalcStringAttributes.swift */,
			);
			path = Typography;
			sourceTree = "<group>";
		};
		69589A692578FFD800FCE575 /* Widgets */ = {
			isa = PBXGroup;
			children = (
				69589A8425790BA400FCE575 /* PrimaryButton */,
				69589A77257904FB00FCE575 /* FinCalcTextField.swift */,
				69589A792579066F00FCE575 /* FinCalcLabel.swift */,
				69589A9025792C7900FCE575 /* CustomViewController.swift */,
			);
			path = Widgets;
			sourceTree = "<group>";
		};
		69589A6B2579013F00FCE575 /* Colors */ = {
			isa = PBXGroup;
			children = (
				69589A9225792F5E00FCE575 /* Colors.txt */,
			);
			path = Colors;
			sourceTree = "<group>";
		};
		69589A6E2579034700FCE575 /* Generated */ = {
			isa = PBXGroup;
			children = (
				69589A71257903BB00FCE575 /* Assets.swift */,
				69589A72257903BB00FCE575 /* Colors.swift */,
				69589A6F257903BB00FCE575 /* Fonts.swift */,
				69589A70257903BB00FCE575 /* Strings.swift */,
			);
			path = Generated;
			sourceTree = "<group>";
		};
		69589A8425790BA400FCE575 /* PrimaryButton */ = {
			isa = PBXGroup;
			children = (
				69589A8E2579255E00FCE575 /* PrimaryButton.xib */,
				69589A8625790BCC00FCE575 /* PrimaryButton.swift */,
			);
			path = PrimaryButton;
			sourceTree = "<group>";
		};
		697B133B25747D520031E7DB = {
			isa = PBXGroup;
			children = (
				697B134625747D530031E7DB /* FinancialCalc */,
				697B136025747D590031E7DB /* FinancialCalcTests */,
				697B136B25747D590031E7DB /* FinancialCalcUITests */,
				697B134525747D530031E7DB /* Products */,
				ED017F0DECFEBA3555846009 /* Pods */,
				09DBE947C3D0D0B227EF67BD /* Frameworks */,
			);
			sourceTree = "<group>";
		};
		697B134525747D530031E7DB /* Products */ = {
			isa = PBXGroup;
			children = (
				697B134425747D530031E7DB /* FinancialCalc.app */,
				697B135D25747D590031E7DB /* FinancialCalcTests.xctest */,
				697B136825747D590031E7DB /* FinancialCalcUITests.xctest */,
			);
			name = Products;
			sourceTree = "<group>";
		};
		697B134625747D530031E7DB /* FinancialCalc */ = {
			isa = PBXGroup;
			children = (
				69589A572578F8D900FCE575 /* App */,
				69589A5A2578F9CD00FCE575 /* UI */,
				69589A5B2578F9F300FCE575 /* Extensions */,
				697B137A25747F910031E7DB /* Resources */,
				69589A5C2578FA1000FCE575 /* Scenes */,
				69589A5D2578FA2200FCE575 /* Utils */,
				697B135325747D590031E7DB /* Assets.xcassets */,
				697B135525747D590031E7DB /* LaunchScreen.storyboard */,
				697B135825747D590031E7DB /* Info.plist */,
				697B135025747D530031E7DB /* FinancialCalc.xcdatamodeld */,
			);
			path = FinancialCalc;
			sourceTree = "<group>";
		};
		697B136025747D590031E7DB /* FinancialCalcTests */ = {
			isa = PBXGroup;
			children = (
				697B136125747D590031E7DB /* FinancialCalcTests.swift */,
				697B136325747D590031E7DB /* Info.plist */,
			);
			path = FinancialCalcTests;
			sourceTree = "<group>";
		};
		697B136B25747D590031E7DB /* FinancialCalcUITests */ = {
			isa = PBXGroup;
			children = (
				697B136C25747D590031E7DB /* FinancialCalcUITests.swift */,
				697B136E25747D590031E7DB /* Info.plist */,
			);
			path = FinancialCalcUITests;
			sourceTree = "<group>";
		};
		697B137A25747F910031E7DB /* Resources */ = {
			isa = PBXGroup;
			children = (
				69589A6E2579034700FCE575 /* Generated */,
				69589A6B2579013F00FCE575 /* Colors */,
				697B138325752CAD0031E7DB /* Strings */,
				697B137B25752C410031E7DB /* Fonts */,
			);
			path = Resources;
			sourceTree = "<group>";
		};
		697B137B25752C410031E7DB /* Fonts */ = {
			isa = PBXGroup;
			children = (
				69589A602578FD6100FCE575 /* Roboto-Bold.ttf */,
				69589A5F2578FD6100FCE575 /* Roboto-Medium.ttf */,
				69589A5E2578FD6100FCE575 /* Roboto-Regular.ttf */,
				697B137C25752C860031E7DB /* BebasNeue-Bold.ttf */,
				697B137E25752C860031E7DB /* BebasNeue-Book.ttf */,
				697B137D25752C860031E7DB /* BebasNeue-Regular.ttf */,
			);
			path = Fonts;
			sourceTree = "<group>";
		};
		697B138325752CAD0031E7DB /* Strings */ = {
			isa = PBXGroup;
			children = (
				697B138425752CF90031E7DB /* Localizable.strings */,
			);
			path = Strings;
			sourceTree = "<group>";
		};
		69DC21F0257C1BB2004564E7 /* Investment */ = {
			isa = PBXGroup;
			children = (
				69BAD136257AAF6F00C90649 /* InvestmentViewController.swift */,
			);
			path = Investment;
			sourceTree = "<group>";
		};
		69DC21F1257C1BC3004564E7 /* Savings */ = {
			isa = PBXGroup;
			children = (
				69DC21EC257C18D5004564E7 /* CompoundSavingsViewController.swift */,
			);
			path = Savings;
			sourceTree = "<group>";
		};
		69DC21F2257C1BDE004564E7 /* Mortgage */ = {
			isa = PBXGroup;
			children = (
				69FAFB99257BFD6A00864E00 /* MortgageViewController.swift */,
			);
			path = Mortgage;
			sourceTree = "<group>";
		};
		69DC21F3257C1BE9004564E7 /* Loan */ = {
			isa = PBXGroup;
			children = (
				69DC21EE257C1900004564E7 /* LoanViewController.swift */,
			);
			path = Loan;
			sourceTree = "<group>";
		};
		69DC21F4257C1C05004564E7 /* Home */ = {
			isa = PBXGroup;
			children = (
				69589A9425793E3500FCE575 /* HomeViewController.swift */,
				69589A962579401100FCE575 /* HomeCollectionViewCell.swift */,
				69188CDE257A94020008F976 /* TabBarViewController.swift */,
			);
			path = Home;
			sourceTree = "<group>";
		};
		69DC21F5257C1C15004564E7 /* Landing */ = {
			isa = PBXGroup;
			children = (
				697B134B25747D530031E7DB /* ViewController.swift */,
			);
			path = Landing;
			sourceTree = "<group>";
		};
		69DC21F6257C37C7004564E7 /* PaymentDetails */ = {
			isa = PBXGroup;
			children = (
				69DC21F7257C37E4004564E7 /* PaymentDetailsViewController.swift */,
			);
			path = PaymentDetails;
			sourceTree = "<group>";
		};
		ED017F0DECFEBA3555846009 /* Pods */ = {
			isa = PBXGroup;
			children = (
				DD5D6770944BCF679C1AD2E5 /* Pods-FinancialCalc.debug.xcconfig */,
				C504F9A78A9D1B346B445696 /* Pods-FinancialCalc.release.xcconfig */,
				54091BEBED85C6B5334BD972 /* Pods-FinancialCalc-FinancialCalcUITests.debug.xcconfig */,
				0E4AF63F84738270E7EF2201 /* Pods-FinancialCalc-FinancialCalcUITests.release.xcconfig */,
				A71DC768BE8B25E0A7675CBE /* Pods-FinancialCalcTests.debug.xcconfig */,
				82A88902F187D9D1314D0CED /* Pods-FinancialCalcTests.release.xcconfig */,
			);
			path = Pods;
			sourceTree = "<group>";
		};
/* End PBXGroup section */

/* Begin PBXNativeTarget section */
		697B134325747D530031E7DB /* FinancialCalc */ = {
			isa = PBXNativeTarget;
			buildConfigurationList = 697B137125747D590031E7DB /* Build configuration list for PBXNativeTarget "FinancialCalc" */;
			buildPhases = (
				79F6A36BF22A055440843C79 /* [CP] Check Pods Manifest.lock */,
				697B134025747D530031E7DB /* Sources */,
				697B134125747D530031E7DB /* Frameworks */,
				697B134225747D530031E7DB /* Resources */,
				E5676E9F5F07C6244F48A66A /* [CP] Embed Pods Frameworks */,
			);
			buildRules = (
			);
			dependencies = (
			);
			name = FinancialCalc;
			productName = FinancialCalc;
			productReference = 697B134425747D530031E7DB /* FinancialCalc.app */;
			productType = "com.apple.product-type.application";
		};
		697B135C25747D590031E7DB /* FinancialCalcTests */ = {
			isa = PBXNativeTarget;
			buildConfigurationList = 697B137425747D590031E7DB /* Build configuration list for PBXNativeTarget "FinancialCalcTests" */;
			buildPhases = (
				A3B26E18A3661212DA16ECAA /* [CP] Check Pods Manifest.lock */,
				697B135925747D590031E7DB /* Sources */,
				697B135A25747D590031E7DB /* Frameworks */,
				697B135B25747D590031E7DB /* Resources */,
			);
			buildRules = (
			);
			dependencies = (
				697B135F25747D590031E7DB /* PBXTargetDependency */,
			);
			name = FinancialCalcTests;
			productName = FinancialCalcTests;
			productReference = 697B135D25747D590031E7DB /* FinancialCalcTests.xctest */;
			productType = "com.apple.product-type.bundle.unit-test";
		};
		697B136725747D590031E7DB /* FinancialCalcUITests */ = {
			isa = PBXNativeTarget;
			buildConfigurationList = 697B137725747D590031E7DB /* Build configuration list for PBXNativeTarget "FinancialCalcUITests" */;
			buildPhases = (
				432C500D79E1736111CE8A2F /* [CP] Check Pods Manifest.lock */,
				697B136425747D590031E7DB /* Sources */,
				697B136525747D590031E7DB /* Frameworks */,
				697B136625747D590031E7DB /* Resources */,
				2F5A697FAD612D7A28A6F28C /* [CP] Embed Pods Frameworks */,
			);
			buildRules = (
			);
			dependencies = (
				697B136A25747D590031E7DB /* PBXTargetDependency */,
			);
			name = FinancialCalcUITests;
			productName = FinancialCalcUITests;
			productReference = 697B136825747D590031E7DB /* FinancialCalcUITests.xctest */;
			productType = "com.apple.product-type.bundle.ui-testing";
		};
/* End PBXNativeTarget section */

/* Begin PBXProject section */
		697B133C25747D520031E7DB /* Project object */ = {
			isa = PBXProject;
			attributes = {
				LastSwiftUpdateCheck = 1110;
				LastUpgradeCheck = 1110;
				ORGANIZATIONNAME = iit;
				TargetAttributes = {
					697B134325747D530031E7DB = {
						CreatedOnToolsVersion = 11.1;
					};
					697B135C25747D590031E7DB = {
						CreatedOnToolsVersion = 11.1;
						TestTargetID = 697B134325747D530031E7DB;
					};
					697B136725747D590031E7DB = {
						CreatedOnToolsVersion = 11.1;
						TestTargetID = 697B134325747D530031E7DB;
					};
				};
			};
			buildConfigurationList = 697B133F25747D520031E7DB /* Build configuration list for PBXProject "FinancialCalc" */;
			compatibilityVersion = "Xcode 9.3";
			developmentRegion = en;
			hasScannedForEncodings = 0;
			knownRegions = (
				en,
				Base,
			);
			mainGroup = 697B133B25747D520031E7DB;
			productRefGroup = 697B134525747D530031E7DB /* Products */;
			projectDirPath = "";
			projectRoot = "";
			targets = (
				697B134325747D530031E7DB /* FinancialCalc */,
				697B135C25747D590031E7DB /* FinancialCalcTests */,
				697B136725747D590031E7DB /* FinancialCalcUITests */,
			);
		};
/* End PBXProject section */

/* Begin PBXResourcesBuildPhase section */
		697B134225747D530031E7DB /* Resources */ = {
			isa = PBXResourcesBuildPhase;
			buildActionMask = 2147483647;
			files = (
				697B138125752C860031E7DB /* BebasNeue-Book.ttf in Resources */,
				697B138025752C860031E7DB /* BebasNeue-Regular.ttf in Resources */,
				69589A9325792F5E00FCE575 /* Colors.txt in Resources */,
				69589A632578FD6100FCE575 /* Roboto-Bold.ttf in Resources */,
				69589A612578FD6100FCE575 /* Roboto-Regular.ttf in Resources */,
				697B135725747D590031E7DB /* LaunchScreen.storyboard in Resources */,
				697B138525752CF90031E7DB /* Localizable.strings in Resources */,
				697B135425747D590031E7DB /* Assets.xcassets in Resources */,
				697B137F25752C860031E7DB /* BebasNeue-Bold.ttf in Resources */,
				697B134F25747D530031E7DB /* Main.storyboard in Resources */,
				69589A622578FD6100FCE575 /* Roboto-Medium.ttf in Resources */,
				69589A8F2579255E00FCE575 /* PrimaryButton.xib in Resources */,
			);
			runOnlyForDeploymentPostprocessing = 0;
		};
		697B135B25747D590031E7DB /* Resources */ = {
			isa = PBXResourcesBuildPhase;
			buildActionMask = 2147483647;
			files = (
			);
			runOnlyForDeploymentPostprocessing = 0;
		};
		697B136625747D590031E7DB /* Resources */ = {
			isa = PBXResourcesBuildPhase;
			buildActionMask = 2147483647;
			files = (
			);
			runOnlyForDeploymentPostprocessing = 0;
		};
/* End PBXResourcesBuildPhase section */

/* Begin PBXShellScriptBuildPhase section */
		2F5A697FAD612D7A28A6F28C /* [CP] Embed Pods Frameworks */ = {
			isa = PBXShellScriptBuildPhase;
			buildActionMask = 2147483647;
			files = (
			);
			inputFileListPaths = (
				"${PODS_ROOT}/Target Support Files/Pods-FinancialCalc-FinancialCalcUITests/Pods-FinancialCalc-FinancialCalcUITests-frameworks-${CONFIGURATION}-input-files.xcfilelist",
			);
			name = "[CP] Embed Pods Frameworks";
			outputFileListPaths = (
				"${PODS_ROOT}/Target Support Files/Pods-FinancialCalc-FinancialCalcUITests/Pods-FinancialCalc-FinancialCalcUITests-frameworks-${CONFIGURATION}-output-files.xcfilelist",
			);
			runOnlyForDeploymentPostprocessing = 0;
			shellPath = /bin/sh;
			shellScript = "\"${PODS_ROOT}/Target Support Files/Pods-FinancialCalc-FinancialCalcUITests/Pods-FinancialCalc-FinancialCalcUITests-frameworks.sh\"\n";
			showEnvVarsInLog = 0;
		};
		432C500D79E1736111CE8A2F /* [CP] Check Pods Manifest.lock */ = {
			isa = PBXShellScriptBuildPhase;
			buildActionMask = 2147483647;
			files = (
			);
			inputFileListPaths = (
			);
			inputPaths = (
				"${PODS_PODFILE_DIR_PATH}/Podfile.lock",
				"${PODS_ROOT}/Manifest.lock",
			);
			name = "[CP] Check Pods Manifest.lock";
			outputFileListPaths = (
			);
			outputPaths = (
				"$(DERIVED_FILE_DIR)/Pods-FinancialCalc-FinancialCalcUITests-checkManifestLockResult.txt",
			);
			runOnlyForDeploymentPostprocessing = 0;
			shellPath = /bin/sh;
			shellScript = "diff \"${PODS_PODFILE_DIR_PATH}/Podfile.lock\" \"${PODS_ROOT}/Manifest.lock\" > /dev/null\nif [ $? != 0 ] ; then\n    # print error to STDERR\n    echo \"error: The sandbox is not in sync with the Podfile.lock. Run 'pod install' or update your CocoaPods installation.\" >&2\n    exit 1\nfi\n# This output is used by Xcode 'outputs' to avoid re-running this script phase.\necho \"SUCCESS\" > \"${SCRIPT_OUTPUT_FILE_0}\"\n";
			showEnvVarsInLog = 0;
		};
		79F6A36BF22A055440843C79 /* [CP] Check Pods Manifest.lock */ = {
			isa = PBXShellScriptBuildPhase;
			buildActionMask = 2147483647;
			files = (
			);
			inputFileListPaths = (
			);
			inputPaths = (
				"${PODS_PODFILE_DIR_PATH}/Podfile.lock",
				"${PODS_ROOT}/Manifest.lock",
			);
			name = "[CP] Check Pods Manifest.lock";
			outputFileListPaths = (
			);
			outputPaths = (
				"$(DERIVED_FILE_DIR)/Pods-FinancialCalc-checkManifestLockResult.txt",
			);
			runOnlyForDeploymentPostprocessing = 0;
			shellPath = /bin/sh;
			shellScript = "diff \"${PODS_PODFILE_DIR_PATH}/Podfile.lock\" \"${PODS_ROOT}/Manifest.lock\" > /dev/null\nif [ $? != 0 ] ; then\n    # print error to STDERR\n    echo \"error: The sandbox is not in sync with the Podfile.lock. Run 'pod install' or update your CocoaPods installation.\" >&2\n    exit 1\nfi\n# This output is used by Xcode 'outputs' to avoid re-running this script phase.\necho \"SUCCESS\" > \"${SCRIPT_OUTPUT_FILE_0}\"\n";
			showEnvVarsInLog = 0;
		};
		A3B26E18A3661212DA16ECAA /* [CP] Check Pods Manifest.lock */ = {
			isa = PBXShellScriptBuildPhase;
			buildActionMask = 2147483647;
			files = (
			);
			inputFileListPaths = (
			);
			inputPaths = (
				"${PODS_PODFILE_DIR_PATH}/Podfile.lock",
				"${PODS_ROOT}/Manifest.lock",
			);
			name = "[CP] Check Pods Manifest.lock";
			outputFileListPaths = (
			);
			outputPaths = (
				"$(DERIVED_FILE_DIR)/Pods-FinancialCalcTests-checkManifestLockResult.txt",
			);
			runOnlyForDeploymentPostprocessing = 0;
			shellPath = /bin/sh;
			shellScript = "diff \"${PODS_PODFILE_DIR_PATH}/Podfile.lock\" \"${PODS_ROOT}/Manifest.lock\" > /dev/null\nif [ $? != 0 ] ; then\n    # print error to STDERR\n    echo \"error: The sandbox is not in sync with the Podfile.lock. Run 'pod install' or update your CocoaPods installation.\" >&2\n    exit 1\nfi\n# This output is used by Xcode 'outputs' to avoid re-running this script phase.\necho \"SUCCESS\" > \"${SCRIPT_OUTPUT_FILE_0}\"\n";
			showEnvVarsInLog = 0;
		};
		E5676E9F5F07C6244F48A66A /* [CP] Embed Pods Frameworks */ = {
			isa = PBXShellScriptBuildPhase;
			buildActionMask = 2147483647;
			files = (
			);
			inputFileListPaths = (
				"${PODS_ROOT}/Target Support Files/Pods-FinancialCalc/Pods-FinancialCalc-frameworks-${CONFIGURATION}-input-files.xcfilelist",
			);
			name = "[CP] Embed Pods Frameworks";
			outputFileListPaths = (
				"${PODS_ROOT}/Target Support Files/Pods-FinancialCalc/Pods-FinancialCalc-frameworks-${CONFIGURATION}-output-files.xcfilelist",
			);
			runOnlyForDeploymentPostprocessing = 0;
			shellPath = /bin/sh;
			shellScript = "\"${PODS_ROOT}/Target Support Files/Pods-FinancialCalc/Pods-FinancialCalc-frameworks.sh\"\n";
			showEnvVarsInLog = 0;
		};
/* End PBXShellScriptBuildPhase section */

/* Begin PBXSourcesBuildPhase section */
		697B134025747D530031E7DB /* Sources */ = {
			isa = PBXSourcesBuildPhase;
			buildActionMask = 2147483647;
			files = (
				69DC21F8257C37E4004564E7 /* PaymentDetailsViewController.swift in Sources */,
				69FAFB98257B7F1E00864E00 /* DoubleExtension.swift in Sources */,
				69589A73257903BB00FCE575 /* Fonts.swift in Sources */,
				69589A8B25790C8F00FCE575 /* UIDevice.swift in Sources */,
				69188CDF257A94020008F976 /* TabBarViewController.swift in Sources */,
				69589A7E2579087300FCE575 /* UIFontExtension.swift in Sources */,
				69589A76257903BB00FCE575 /* Colors.swift in Sources */,
				69BAD137257AAF6F00C90649 /* InvestmentViewController.swift in Sources */,
				69589A78257904FB00FCE575 /* FinCalcTextField.swift in Sources */,
				69589A74257903BB00FCE575 /* Strings.swift in Sources */,
				69589A8D2579219900FCE575 /* UIViewExtension.swift in Sources */,
				697B134C25747D530031E7DB /* ViewController.swift in Sources */,
				69589A7A2579066F00FCE575 /* FinCalcLabel.swift in Sources */,
				697B134825747D530031E7DB /* AppDelegate.swift in Sources */,
				69DC21EF257C1900004564E7 /* LoanViewController.swift in Sources */,
				697B135225747D530031E7DB /* FinancialCalc.xcdatamodeld in Sources */,
				69FAFB9A257BFD6A00864E00 /* MortgageViewController.swift in Sources */,
				69589A662578FDB100FCE575 /* FinCalcFonts.swift in Sources */,
				69589A9125792C7900FCE575 /* CustomViewController.swift in Sources */,
				69DC21ED257C18D5004564E7 /* CompoundSavingsViewController.swift in Sources */,
				69589A682578FDE000FCE575 /* FinCalcTypoStyle.swift in Sources */,
				69589A972579401100FCE575 /* HomeCollectionViewCell.swift in Sources */,
				697B134A25747D530031E7DB /* SceneDelegate.swift in Sources */,
				69589A9525793E3500FCE575 /* HomeViewController.swift in Sources */,
				69589A75257903BB00FCE575 /* Assets.swift in Sources */,
				69589A7C257906BA00FCE575 /* FinCalcStringAttributes.swift in Sources */,
				69589A8725790BCC00FCE575 /* PrimaryButton.swift in Sources */,
				69589A592578F91F00FCE575 /* AppConstants.swift in Sources */,
			);
			runOnlyForDeploymentPostprocessing = 0;
		};
		697B135925747D590031E7DB /* Sources */ = {
			isa = PBXSourcesBuildPhase;
			buildActionMask = 2147483647;
			files = (
				697B136225747D590031E7DB /* FinancialCalcTests.swift in Sources */,
			);
			runOnlyForDeploymentPostprocessing = 0;
		};
		697B136425747D590031E7DB /* Sources */ = {
			isa = PBXSourcesBuildPhase;
			buildActionMask = 2147483647;
			files = (
				697B136D25747D590031E7DB /* FinancialCalcUITests.swift in Sources */,
			);
			runOnlyForDeploymentPostprocessing = 0;
		};
/* End PBXSourcesBuildPhase section */

/* Begin PBXTargetDependency section */
		697B135F25747D590031E7DB /* PBXTargetDependency */ = {
			isa = PBXTargetDependency;
			target = 697B134325747D530031E7DB /* FinancialCalc */;
			targetProxy = 697B135E25747D590031E7DB /* PBXContainerItemProxy */;
		};
		697B136A25747D590031E7DB /* PBXTargetDependency */ = {
			isa = PBXTargetDependency;
			target = 697B134325747D530031E7DB /* FinancialCalc */;
			targetProxy = 697B136925747D590031E7DB /* PBXContainerItemProxy */;
		};
/* End PBXTargetDependency section */

/* Begin PBXVariantGroup section */
		697B134D25747D530031E7DB /* Main.storyboard */ = {
			isa = PBXVariantGroup;
			children = (
				697B134E25747D530031E7DB /* Base */,
			);
			name = Main.storyboard;
			sourceTree = "<group>";
		};
		697B135525747D590031E7DB /* LaunchScreen.storyboard */ = {
			isa = PBXVariantGroup;
			children = (
				697B135625747D590031E7DB /* Base */,
			);
			name = LaunchScreen.storyboard;
			sourceTree = "<group>";
		};
/* End PBXVariantGroup section */

/* Begin XCBuildConfiguration section */
		697B136F25747D590031E7DB /* Debug */ = {
			isa = XCBuildConfiguration;
			buildSettings = {
				ALWAYS_SEARCH_USER_PATHS = NO;
				CLANG_ANALYZER_NONNULL = YES;
				CLANG_ANALYZER_NUMBER_OBJECT_CONVERSION = YES_AGGRESSIVE;
				CLANG_CXX_LANGUAGE_STANDARD = "gnu++14";
				CLANG_CXX_LIBRARY = "libc++";
				CLANG_ENABLE_MODULES = YES;
				CLANG_ENABLE_OBJC_ARC = YES;
				CLANG_ENABLE_OBJC_WEAK = YES;
				CLANG_WARN_BLOCK_CAPTURE_AUTORELEASING = YES;
				CLANG_WARN_BOOL_CONVERSION = YES;
				CLANG_WARN_COMMA = YES;
				CLANG_WARN_CONSTANT_CONVERSION = YES;
				CLANG_WARN_DEPRECATED_OBJC_IMPLEMENTATIONS = YES;
				CLANG_WARN_DIRECT_OBJC_ISA_USAGE = YES_ERROR;
				CLANG_WARN_DOCUMENTATION_COMMENTS = YES;
				CLANG_WARN_EMPTY_BODY = YES;
				CLANG_WARN_ENUM_CONVERSION = YES;
				CLANG_WARN_INFINITE_RECURSION = YES;
				CLANG_WARN_INT_CONVERSION = YES;
				CLANG_WARN_NON_LITERAL_NULL_CONVERSION = YES;
				CLANG_WARN_OBJC_IMPLICIT_RETAIN_SELF = YES;
				CLANG_WARN_OBJC_LITERAL_CONVERSION = YES;
				CLANG_WARN_OBJC_ROOT_CLASS = YES_ERROR;
				CLANG_WARN_RANGE_LOOP_ANALYSIS = YES;
				CLANG_WARN_STRICT_PROTOTYPES = YES;
				CLANG_WARN_SUSPICIOUS_MOVE = YES;
				CLANG_WARN_UNGUARDED_AVAILABILITY = YES_AGGRESSIVE;
				CLANG_WARN_UNREACHABLE_CODE = YES;
				CLANG_WARN__DUPLICATE_METHOD_MATCH = YES;
				COPY_PHASE_STRIP = NO;
				DEBUG_INFORMATION_FORMAT = dwarf;
				ENABLE_STRICT_OBJC_MSGSEND = YES;
				ENABLE_TESTABILITY = YES;
				GCC_C_LANGUAGE_STANDARD = gnu11;
				GCC_DYNAMIC_NO_PIC = NO;
				GCC_NO_COMMON_BLOCKS = YES;
				GCC_OPTIMIZATION_LEVEL = 0;
				GCC_PREPROCESSOR_DEFINITIONS = (
					"DEBUG=1",
					"$(inherited)",
				);
				GCC_WARN_64_TO_32_BIT_CONVERSION = YES;
				GCC_WARN_ABOUT_RETURN_TYPE = YES_ERROR;
				GCC_WARN_UNDECLARED_SELECTOR = YES;
				GCC_WARN_UNINITIALIZED_AUTOS = YES_AGGRESSIVE;
				GCC_WARN_UNUSED_FUNCTION = YES;
				GCC_WARN_UNUSED_VARIABLE = YES;
				IPHONEOS_DEPLOYMENT_TARGET = 13.1;
				MTL_ENABLE_DEBUG_INFO = INCLUDE_SOURCE;
				MTL_FAST_MATH = YES;
				ONLY_ACTIVE_ARCH = YES;
				SDKROOT = iphoneos;
				SWIFT_ACTIVE_COMPILATION_CONDITIONS = DEBUG;
				SWIFT_OPTIMIZATION_LEVEL = "-Onone";
			};
			name = Debug;
		};
		697B137025747D590031E7DB /* Release */ = {
			isa = XCBuildConfiguration;
			buildSettings = {
				ALWAYS_SEARCH_USER_PATHS = NO;
				CLANG_ANALYZER_NONNULL = YES;
				CLANG_ANALYZER_NUMBER_OBJECT_CONVERSION = YES_AGGRESSIVE;
				CLANG_CXX_LANGUAGE_STANDARD = "gnu++14";
				CLANG_CXX_LIBRARY = "libc++";
				CLANG_ENABLE_MODULES = YES;
				CLANG_ENABLE_OBJC_ARC = YES;
				CLANG_ENABLE_OBJC_WEAK = YES;
				CLANG_WARN_BLOCK_CAPTURE_AUTORELEASING = YES;
				CLANG_WARN_BOOL_CONVERSION = YES;
				CLANG_WARN_COMMA = YES;
				CLANG_WARN_CONSTANT_CONVERSION = YES;
				CLANG_WARN_DEPRECATED_OBJC_IMPLEMENTATIONS = YES;
				CLANG_WARN_DIRECT_OBJC_ISA_USAGE = YES_ERROR;
				CLANG_WARN_DOCUMENTATION_COMMENTS = YES;
				CLANG_WARN_EMPTY_BODY = YES;
				CLANG_WARN_ENUM_CONVERSION = YES;
				CLANG_WARN_INFINITE_RECURSION = YES;
				CLANG_WARN_INT_CONVERSION = YES;
				CLANG_WARN_NON_LITERAL_NULL_CONVERSION = YES;
				CLANG_WARN_OBJC_IMPLICIT_RETAIN_SELF = YES;
				CLANG_WARN_OBJC_LITERAL_CONVERSION = YES;
				CLANG_WARN_OBJC_ROOT_CLASS = YES_ERROR;
				CLANG_WARN_RANGE_LOOP_ANALYSIS = YES;
				CLANG_WARN_STRICT_PROTOTYPES = YES;
				CLANG_WARN_SUSPICIOUS_MOVE = YES;
				CLANG_WARN_UNGUARDED_AVAILABILITY = YES_AGGRESSIVE;
				CLANG_WARN_UNREACHABLE_CODE = YES;
				CLANG_WARN__DUPLICATE_METHOD_MATCH = YES;
				COPY_PHASE_STRIP = NO;
				DEBUG_INFORMATION_FORMAT = "dwarf-with-dsym";
				ENABLE_NS_ASSERTIONS = NO;
				ENABLE_STRICT_OBJC_MSGSEND = YES;
				GCC_C_LANGUAGE_STANDARD = gnu11;
				GCC_NO_COMMON_BLOCKS = YES;
				GCC_WARN_64_TO_32_BIT_CONVERSION = YES;
				GCC_WARN_ABOUT_RETURN_TYPE = YES_ERROR;
				GCC_WARN_UNDECLARED_SELECTOR = YES;
				GCC_WARN_UNINITIALIZED_AUTOS = YES_AGGRESSIVE;
				GCC_WARN_UNUSED_FUNCTION = YES;
				GCC_WARN_UNUSED_VARIABLE = YES;
				IPHONEOS_DEPLOYMENT_TARGET = 13.1;
				MTL_ENABLE_DEBUG_INFO = NO;
				MTL_FAST_MATH = YES;
				SDKROOT = iphoneos;
				SWIFT_COMPILATION_MODE = wholemodule;
				SWIFT_OPTIMIZATION_LEVEL = "-O";
				VALIDATE_PRODUCT = YES;
			};
			name = Release;
		};
		697B137225747D590031E7DB /* Debug */ = {
			isa = XCBuildConfiguration;
			baseConfigurationReference = DD5D6770944BCF679C1AD2E5 /* Pods-FinancialCalc.debug.xcconfig */;
			buildSettings = {
				ASSETCATALOG_COMPILER_APPICON_NAME = AppIcon;
				CODE_SIGN_STYLE = Automatic;
				INFOPLIST_FILE = FinancialCalc/Info.plist;
				LD_RUNPATH_SEARCH_PATHS = (
					"$(inherited)",
					"@executable_path/Frameworks",
				);
				PRODUCT_BUNDLE_IDENTIFIER = com.iit.FinancialCalc;
				PRODUCT_NAME = "$(TARGET_NAME)";
				SWIFT_VERSION = 5.0;
				TARGETED_DEVICE_FAMILY = "1,2";
			};
			name = Debug;
		};
		697B137325747D590031E7DB /* Release */ = {
			isa = XCBuildConfiguration;
			baseConfigurationReference = C504F9A78A9D1B346B445696 /* Pods-FinancialCalc.release.xcconfig */;
			buildSettings = {
				ASSETCATALOG_COMPILER_APPICON_NAME = AppIcon;
				CODE_SIGN_STYLE = Automatic;
				INFOPLIST_FILE = FinancialCalc/Info.plist;
				LD_RUNPATH_SEARCH_PATHS = (
					"$(inherited)",
					"@executable_path/Frameworks",
				);
				PRODUCT_BUNDLE_IDENTIFIER = com.iit.FinancialCalc;
				PRODUCT_NAME = "$(TARGET_NAME)";
				SWIFT_VERSION = 5.0;
				TARGETED_DEVICE_FAMILY = "1,2";
			};
			name = Release;
		};
		697B137525747D590031E7DB /* Debug */ = {
			isa = XCBuildConfiguration;
			baseConfigurationReference = A71DC768BE8B25E0A7675CBE /* Pods-FinancialCalcTests.debug.xcconfig */;
			buildSettings = {
				ALWAYS_EMBED_SWIFT_STANDARD_LIBRARIES = YES;
				BUNDLE_LOADER = "$(TEST_HOST)";
				CODE_SIGN_STYLE = Automatic;
				INFOPLIST_FILE = FinancialCalcTests/Info.plist;
				IPHONEOS_DEPLOYMENT_TARGET = 13.1;
				LD_RUNPATH_SEARCH_PATHS = (
					"$(inherited)",
					"@executable_path/Frameworks",
					"@loader_path/Frameworks",
				);
				PRODUCT_BUNDLE_IDENTIFIER = com.iit.FinancialCalcTests;
				PRODUCT_NAME = "$(TARGET_NAME)";
				SWIFT_VERSION = 5.0;
				TARGETED_DEVICE_FAMILY = "1,2";
				TEST_HOST = "$(BUILT_PRODUCTS_DIR)/FinancialCalc.app/FinancialCalc";
			};
			name = Debug;
		};
		697B137625747D590031E7DB /* Release */ = {
			isa = XCBuildConfiguration;
			baseConfigurationReference = 82A88902F187D9D1314D0CED /* Pods-FinancialCalcTests.release.xcconfig */;
			buildSettings = {
				ALWAYS_EMBED_SWIFT_STANDARD_LIBRARIES = YES;
				BUNDLE_LOADER = "$(TEST_HOST)";
				CODE_SIGN_STYLE = Automatic;
				INFOPLIST_FILE = FinancialCalcTests/Info.plist;
				IPHONEOS_DEPLOYMENT_TARGET = 13.1;
				LD_RUNPATH_SEARCH_PATHS = (
					"$(inherited)",
					"@executable_path/Frameworks",
					"@loader_path/Frameworks",
				);
				PRODUCT_BUNDLE_IDENTIFIER = com.iit.FinancialCalcTests;
				PRODUCT_NAME = "$(TARGET_NAME)";
				SWIFT_VERSION = 5.0;
				TARGETED_DEVICE_FAMILY = "1,2";
				TEST_HOST = "$(BUILT_PRODUCTS_DIR)/FinancialCalc.app/FinancialCalc";
			};
			name = Release;
		};
		697B137825747D590031E7DB /* Debug */ = {
			isa = XCBuildConfiguration;
			baseConfigurationReference = 54091BEBED85C6B5334BD972 /* Pods-FinancialCalc-FinancialCalcUITests.debug.xcconfig */;
			buildSettings = {
				ALWAYS_EMBED_SWIFT_STANDARD_LIBRARIES = YES;
				CODE_SIGN_STYLE = Automatic;
				INFOPLIST_FILE = FinancialCalcUITests/Info.plist;
				LD_RUNPATH_SEARCH_PATHS = (
					"$(inherited)",
					"@executable_path/Frameworks",
					"@loader_path/Frameworks",
				);
				PRODUCT_BUNDLE_IDENTIFIER = com.iit.FinancialCalcUITests;
				PRODUCT_NAME = "$(TARGET_NAME)";
				SWIFT_VERSION = 5.0;
				TARGETED_DEVICE_FAMILY = "1,2";
				TEST_TARGET_NAME = FinancialCalc;
			};
			name = Debug;
		};
		697B137925747D590031E7DB /* Release */ = {
			isa = XCBuildConfiguration;
			baseConfigurationReference = 0E4AF63F84738270E7EF2201 /* Pods-FinancialCalc-FinancialCalcUITests.release.xcconfig */;
			buildSettings = {
				ALWAYS_EMBED_SWIFT_STANDARD_LIBRARIES = YES;
				CODE_SIGN_STYLE = Automatic;
				INFOPLIST_FILE = FinancialCalcUITests/Info.plist;
				LD_RUNPATH_SEARCH_PATHS = (
					"$(inherited)",
					"@executable_path/Frameworks",
					"@loader_path/Frameworks",
				);
				PRODUCT_BUNDLE_IDENTIFIER = com.iit.FinancialCalcUITests;
				PRODUCT_NAME = "$(TARGET_NAME)";
				SWIFT_VERSION = 5.0;
				TARGETED_DEVICE_FAMILY = "1,2";
				TEST_TARGET_NAME = FinancialCalc;
			};
			name = Release;
		};
/* End XCBuildConfiguration section */

/* Begin XCConfigurationList section */
		697B133F25747D520031E7DB /* Build configuration list for PBXProject "FinancialCalc" */ = {
			isa = XCConfigurationList;
			buildConfigurations = (
				697B136F25747D590031E7DB /* Debug */,
				697B137025747D590031E7DB /* Release */,
			);
			defaultConfigurationIsVisible = 0;
			defaultConfigurationName = Release;
		};
		697B137125747D590031E7DB /* Build configuration list for PBXNativeTarget "FinancialCalc" */ = {
			isa = XCConfigurationList;
			buildConfigurations = (
				697B137225747D590031E7DB /* Debug */,
				697B137325747D590031E7DB /* Release */,
			);
			defaultConfigurationIsVisible = 0;
			defaultConfigurationName = Release;
		};
		697B137425747D590031E7DB /* Build configuration list for PBXNativeTarget "FinancialCalcTests" */ = {
			isa = XCConfigurationList;
			buildConfigurations = (
				697B137525747D590031E7DB /* Debug */,
				697B137625747D590031E7DB /* Release */,
			);
			defaultConfigurationIsVisible = 0;
			defaultConfigurationName = Release;
		};
		697B137725747D590031E7DB /* Build configuration list for PBXNativeTarget "FinancialCalcUITests" */ = {
			isa = XCConfigurationList;
			buildConfigurations = (
				697B137825747D590031E7DB /* Debug */,
				697B137925747D590031E7DB /* Release */,
			);
			defaultConfigurationIsVisible = 0;
			defaultConfigurationName = Release;
		};
/* End XCConfigurationList section */

/* Begin XCVersionGroup section */
		697B135025747D530031E7DB /* FinancialCalc.xcdatamodeld */ = {
			isa = XCVersionGroup;
			children = (
				697B135125747D530031E7DB /* FinancialCalc.xcdatamodel */,
			);
			currentVersion = 697B135125747D530031E7DB /* FinancialCalc.xcdatamodel */;
			path = FinancialCalc.xcdatamodeld;
			sourceTree = "<group>";
			versionGroupType = wrapper.xcdatamodel;
		};
/* End XCVersionGroup section */
	};
	rootObject = 697B133C25747D520031E7DB /* Project object */;
}
